// !$*UTF8*$!
{
	archiveVersion = 1;
	classes = {
	};
	objectVersion = 50;
	objects = {

/* Begin PBXBuildFile section */
		EB4BF69424F828CC00E06156 /* Mailer.h in Headers */ = {isa = PBXBuildFile; fileRef = EB4BF69224F828CC00E06156 /* Mailer.h */; settings = {ATTRIBUTES = (Public, ); }; };
		EB4BF6A524F82A4F00E06156 /* Mailer.swift in Sources */ = {isa = PBXBuildFile; fileRef = EB4BF6A424F82A4F00E06156 /* Mailer.swift */; };
		EB4BF6A624F82AAF00E06156 /* ThirdPartyMailClient.swift in Sources */ = {isa = PBXBuildFile; fileRef = EB4BF6A024F829CF00E06156 /* ThirdPartyMailClient.swift */; };
		EB4BF6A724F82AB100E06156 /* ThirdPartyMailer.swift in Sources */ = {isa = PBXBuildFile; fileRef = EB4BF6A124F829CF00E06156 /* ThirdPartyMailer.swift */; };
		EB4BF6A924F82BE700E06156 /* Messages.swift in Sources */ = {isa = PBXBuildFile; fileRef = EB4BF6A824F82BE700E06156 /* Messages.swift */; };
		EB4BF6AB24F82C5000E06156 /* Internal.swift in Sources */ = {isa = PBXBuildFile; fileRef = EB4BF6AA24F82C5000E06156 /* Internal.swift */; };
		EB4BF6B124F832B100E06156 /* Client.swift in Sources */ = {isa = PBXBuildFile; fileRef = EB4BF6B024F832B100E06156 /* Client.swift */; };
/* End PBXBuildFile section */

/* Begin PBXFileReference section */
		EB4BF68F24F828CC00E06156 /* Mailer.framework */ = {isa = PBXFileReference; explicitFileType = wrapper.framework; includeInIndex = 0; path = Mailer.framework; sourceTree = BUILT_PRODUCTS_DIR; };
		EB4BF69224F828CC00E06156 /* Mailer.h */ = {isa = PBXFileReference; lastKnownFileType = sourcecode.c.h; path = Mailer.h; sourceTree = "<group>"; };
		EB4BF69324F828CC00E06156 /* Info.plist */ = {isa = PBXFileReference; lastKnownFileType = text.plist.xml; path = Info.plist; sourceTree = "<group>"; };
		EB4BF6A024F829CF00E06156 /* ThirdPartyMailClient.swift */ = {isa = PBXFileReference; lastKnownFileType = sourcecode.swift; path = ThirdPartyMailClient.swift; sourceTree = "<group>"; };
		EB4BF6A124F829CF00E06156 /* ThirdPartyMailer.swift */ = {isa = PBXFileReference; lastKnownFileType = sourcecode.swift; path = ThirdPartyMailer.swift; sourceTree = "<group>"; };
		EB4BF6A424F82A4F00E06156 /* Mailer.swift */ = {isa = PBXFileReference; lastKnownFileType = sourcecode.swift; path = Mailer.swift; sourceTree = "<group>"; };
		EB4BF6A824F82BE700E06156 /* Messages.swift */ = {isa = PBXFileReference; lastKnownFileType = sourcecode.swift; path = Messages.swift; sourceTree = "<group>"; };
		EB4BF6AA24F82C5000E06156 /* Internal.swift */ = {isa = PBXFileReference; lastKnownFileType = sourcecode.swift; path = Internal.swift; sourceTree = "<group>"; };
		EB4BF6B024F832B100E06156 /* Client.swift */ = {isa = PBXFileReference; lastKnownFileType = sourcecode.swift; path = Client.swift; sourceTree = "<group>"; };
/* End PBXFileReference section */

/* Begin PBXFrameworksBuildPhase section */
		EB4BF68C24F828CC00E06156 /* Frameworks */ = {
			isa = PBXFrameworksBuildPhase;
			buildActionMask = 2147483647;
			files = (
			);
			runOnlyForDeploymentPostprocessing = 0;
		};
/* End PBXFrameworksBuildPhase section */

/* Begin PBXGroup section */
		EB4BF68524F828CC00E06156 = {
			isa = PBXGroup;
			children = (
				EB4BF69124F828CC00E06156 /* Sources */,
				EB4BF69024F828CC00E06156 /* Products */,
			);
			sourceTree = "<group>";
		};
		EB4BF69024F828CC00E06156 /* Products */ = {
			isa = PBXGroup;
			children = (
				EB4BF68F24F828CC00E06156 /* Mailer.framework */,
			);
			name = Products;
			sourceTree = "<group>";
		};
		EB4BF69124F828CC00E06156 /* Sources */ = {
			isa = PBXGroup;
			children = (
				EB4BF69F24F829C800E06156 /* ThirdPartyMailer */,
				EB4BF69A24F828EC00E06156 /* Support files */,
				EB4BF6A424F82A4F00E06156 /* Mailer.swift */,
				EB4BF6B024F832B100E06156 /* Client.swift */,
				EB4BF6A824F82BE700E06156 /* Messages.swift */,
				EB4BF6AA24F82C5000E06156 /* Internal.swift */,
			);
			path = Sources;
			sourceTree = "<group>";
		};
		EB4BF69A24F828EC00E06156 /* Support files */ = {
			isa = PBXGroup;
			children = (
				EB4BF69224F828CC00E06156 /* Mailer.h */,
				EB4BF69324F828CC00E06156 /* Info.plist */,
			);
			path = "Support files";
			sourceTree = "<group>";
		};
		EB4BF69F24F829C800E06156 /* ThirdPartyMailer */ = {
			isa = PBXGroup;
			children = (
				EB4BF6A024F829CF00E06156 /* ThirdPartyMailClient.swift */,
				EB4BF6A124F829CF00E06156 /* ThirdPartyMailer.swift */,
			);
			path = ThirdPartyMailer;
			sourceTree = "<group>";
		};
/* End PBXGroup section */

/* Begin PBXHeadersBuildPhase section */
		EB4BF68A24F828CC00E06156 /* Headers */ = {
			isa = PBXHeadersBuildPhase;
			buildActionMask = 2147483647;
			files = (
				EB4BF69424F828CC00E06156 /* Mailer.h in Headers */,
			);
			runOnlyForDeploymentPostprocessing = 0;
		};
/* End PBXHeadersBuildPhase section */

/* Begin PBXNativeTarget section */
		EB4BF68E24F828CC00E06156 /* Mailer */ = {
			isa = PBXNativeTarget;
			buildConfigurationList = EB4BF69724F828CC00E06156 /* Build configuration list for PBXNativeTarget "Mailer" */;
			buildPhases = (
				EB4BF68A24F828CC00E06156 /* Headers */,
				EB4BF68B24F828CC00E06156 /* Sources */,
				EB4BF68C24F828CC00E06156 /* Frameworks */,
				EB4BF68D24F828CC00E06156 /* Resources */,
			);
			buildRules = (
			);
			dependencies = (
			);
			name = Mailer;
			productName = Mailer;
			productReference = EB4BF68F24F828CC00E06156 /* Mailer.framework */;
			productType = "com.apple.product-type.framework";
		};
/* End PBXNativeTarget section */

/* Begin PBXProject section */
		EB4BF68624F828CC00E06156 /* Project object */ = {
			isa = PBXProject;
			attributes = {
				LastUpgradeCheck = 1160;
				ORGANIZATIONNAME = Pimine;
				TargetAttributes = {
					EB4BF68E24F828CC00E06156 = {
						CreatedOnToolsVersion = 11.6;
						LastSwiftMigration = 1160;
					};
				};
			};
			buildConfigurationList = EB4BF68924F828CC00E06156 /* Build configuration list for PBXProject "Mailer" */;
			compatibilityVersion = "Xcode 9.3";
			developmentRegion = en;
			hasScannedForEncodings = 0;
			knownRegions = (
				en,
				Base,
			);
			mainGroup = EB4BF68524F828CC00E06156;
			productRefGroup = EB4BF69024F828CC00E06156 /* Products */;
			projectDirPath = "";
			projectRoot = "";
			targets = (
				EB4BF68E24F828CC00E06156 /* Mailer */,
			);
		};
/* End PBXProject section */

/* Begin PBXResourcesBuildPhase section */
		EB4BF68D24F828CC00E06156 /* Resources */ = {
			isa = PBXResourcesBuildPhase;
			buildActionMask = 2147483647;
			files = (
			);
			runOnlyForDeploymentPostprocessing = 0;
		};
/* End PBXResourcesBuildPhase section */

/* Begin PBXSourcesBuildPhase section */
		EB4BF68B24F828CC00E06156 /* Sources */ = {
			isa = PBXSourcesBuildPhase;
			buildActionMask = 2147483647;
			files = (
				EB4BF6AB24F82C5000E06156 /* Internal.swift in Sources */,
				EB4BF6A624F82AAF00E06156 /* ThirdPartyMailClient.swift in Sources */,
				EB4BF6B124F832B100E06156 /* Client.swift in Sources */,
				EB4BF6A924F82BE700E06156 /* Messages.swift in Sources */,
				EB4BF6A724F82AB100E06156 /* ThirdPartyMailer.swift in Sources */,
				EB4BF6A524F82A4F00E06156 /* Mailer.swift in Sources */,
			);
			runOnlyForDeploymentPostprocessing = 0;
		};
/* End PBXSourcesBuildPhase section */

/* Begin XCBuildConfiguration section */
		EB4BF69524F828CC00E06156 /* Debug */ = {
			isa = XCBuildConfiguration;
			buildSettings = {
				ALWAYS_SEARCH_USER_PATHS = NO;
				CLANG_ANALYZER_NONNULL = YES;
				CLANG_ANALYZER_NUMBER_OBJECT_CONVERSION = YES_AGGRESSIVE;
				CLANG_CXX_LANGUAGE_STANDARD = "gnu++14";
				CLANG_CXX_LIBRARY = "libc++";
				CLANG_ENABLE_MODULES = YES;
				CLANG_ENABLE_OBJC_ARC = YES;
				CLANG_ENABLE_OBJC_WEAK = YES;
				CLANG_WARN_BLOCK_CAPTURE_AUTORELEASING = YES;
				CLANG_WARN_BOOL_CONVERSION = YES;
				CLANG_WARN_COMMA = YES;
				CLANG_WARN_CONSTANT_CONVERSION = YES;
				CLANG_WARN_DEPRECATED_OBJC_IMPLEMENTATIONS = YES;
				CLANG_WARN_DIRECT_OBJC_ISA_USAGE = YES_ERROR;
				CLANG_WARN_DOCUMENTATION_COMMENTS = YES;
				CLANG_WARN_EMPTY_BODY = YES;
				CLANG_WARN_ENUM_CONVERSION = YES;
				CLANG_WARN_INFINITE_RECURSION = YES;
				CLANG_WARN_INT_CONVERSION = YES;
				CLANG_WARN_NON_LITERAL_NULL_CONVERSION = YES;
				CLANG_WARN_OBJC_IMPLICIT_RETAIN_SELF = YES;
				CLANG_WARN_OBJC_LITERAL_CONVERSION = YES;
				CLANG_WARN_OBJC_ROOT_CLASS = YES_ERROR;
				CLANG_WARN_RANGE_LOOP_ANALYSIS = YES;
				CLANG_WARN_STRICT_PROTOTYPES = YES;
				CLANG_WARN_SUSPICIOUS_MOVE = YES;
				CLANG_WARN_UNGUARDED_AVAILABILITY = YES_AGGRESSIVE;
				CLANG_WARN_UNREACHABLE_CODE = YES;
				CLANG_WARN__DUPLICATE_METHOD_MATCH = YES;
				COPY_PHASE_STRIP = NO;
				CURRENT_PROJECT_VERSION = 1;
				DEBUG_INFORMATION_FORMAT = dwarf;
				ENABLE_STRICT_OBJC_MSGSEND = YES;
				ENABLE_TESTABILITY = YES;
				GCC_C_LANGUAGE_STANDARD = gnu11;
				GCC_DYNAMIC_NO_PIC = NO;
				GCC_NO_COMMON_BLOCKS = YES;
				GCC_OPTIMIZATION_LEVEL = 0;
				GCC_PREPROCESSOR_DEFINITIONS = (
					"DEBUG=1",
					"$(inherited)",
				);
				GCC_WARN_64_TO_32_BIT_CONVERSION = YES;
				GCC_WARN_ABOUT_RETURN_TYPE = YES_ERROR;
				GCC_WARN_UNDECLARED_SELECTOR = YES;
				GCC_WARN_UNINITIALIZED_AUTOS = YES_AGGRESSIVE;
				GCC_WARN_UNUSED_FUNCTION = YES;
				GCC_WARN_UNUSED_VARIABLE = YES;
				IPHONEOS_DEPLOYMENT_TARGET = 13.6;
				MTL_ENABLE_DEBUG_INFO = INCLUDE_SOURCE;
				MTL_FAST_MATH = YES;
				ONLY_ACTIVE_ARCH = YES;
				SDKROOT = iphoneos;
				SWIFT_ACTIVE_COMPILATION_CONDITIONS = DEBUG;
				SWIFT_OPTIMIZATION_LEVEL = "-Onone";
				VERSIONING_SYSTEM = "apple-generic";
				VERSION_INFO_PREFIX = "";
			};
			name = Debug;
		};
		EB4BF69624F828CC00E06156 /* Release */ = {
			isa = XCBuildConfiguration;
			buildSettings = {
				ALWAYS_SEARCH_USER_PATHS = NO;
				CLANG_ANALYZER_NONNULL = YES;
				CLANG_ANALYZER_NUMBER_OBJECT_CONVERSION = YES_AGGRESSIVE;
				CLANG_CXX_LANGUAGE_STANDARD = "gnu++14";
				CLANG_CXX_LIBRARY = "libc++";
				CLANG_ENABLE_MODULES = YES;
				CLANG_ENABLE_OBJC_ARC = YES;
				CLANG_ENABLE_OBJC_WEAK = YES;
				CLANG_WARN_BLOCK_CAPTURE_AUTORELEASING = YES;
				CLANG_WARN_BOOL_CONVERSION = YES;
				CLANG_WARN_COMMA = YES;
				CLANG_WARN_CONSTANT_CONVERSION = YES;
				CLANG_WARN_DEPRECATED_OBJC_IMPLEMENTATIONS = YES;
				CLANG_WARN_DIRECT_OBJC_ISA_USAGE = YES_ERROR;
				CLANG_WARN_DOCUMENTATION_COMMENTS = YES;
				CLANG_WARN_EMPTY_BODY = YES;
				CLANG_WARN_ENUM_CONVERSION = YES;
				CLANG_WARN_INFINITE_RECURSION = YES;
				CLANG_WARN_INT_CONVERSION = YES;
				CLANG_WARN_NON_LITERAL_NULL_CONVERSION = YES;
				CLANG_WARN_OBJC_IMPLICIT_RETAIN_SELF = YES;
				CLANG_WARN_OBJC_LITERAL_CONVERSION = YES;
				CLANG_WARN_OBJC_ROOT_CLASS = YES_ERROR;
				CLANG_WARN_RANGE_LOOP_ANALYSIS = YES;
				CLANG_WARN_STRICT_PROTOTYPES = YES;
				CLANG_WARN_SUSPICIOUS_MOVE = YES;
				CLANG_WARN_UNGUARDED_AVAILABILITY = YES_AGGRESSIVE;
				CLANG_WARN_UNREACHABLE_CODE = YES;
				CLANG_WARN__DUPLICATE_METHOD_MATCH = YES;
				COPY_PHASE_STRIP = NO;
				CURRENT_PROJECT_VERSION = 1;
				DEBUG_INFORMATION_FORMAT = "dwarf-with-dsym";
				ENABLE_NS_ASSERTIONS = NO;
				ENABLE_STRICT_OBJC_MSGSEND = YES;
				GCC_C_LANGUAGE_STANDARD = gnu11;
				GCC_NO_COMMON_BLOCKS = YES;
				GCC_WARN_64_TO_32_BIT_CONVERSION = YES;
				GCC_WARN_ABOUT_RETURN_TYPE = YES_ERROR;
				GCC_WARN_UNDECLARED_SELECTOR = YES;
				GCC_WARN_UNINITIALIZED_AUTOS = YES_AGGRESSIVE;
				GCC_WARN_UNUSED_FUNCTION = YES;
				GCC_WARN_UNUSED_VARIABLE = YES;
				IPHONEOS_DEPLOYMENT_TARGET = 13.6;
				MTL_ENABLE_DEBUG_INFO = NO;
				MTL_FAST_MATH = YES;
				SDKROOT = iphoneos;
				SWIFT_COMPILATION_MODE = wholemodule;
				SWIFT_OPTIMIZATION_LEVEL = "-O";
				VALIDATE_PRODUCT = YES;
				VERSIONING_SYSTEM = "apple-generic";
				VERSION_INFO_PREFIX = "";
			};
			name = Release;
		};
		EB4BF69824F828CC00E06156 /* Debug */ = {
			isa = XCBuildConfiguration;
			buildSettings = {
				CLANG_ENABLE_MODULES = YES;
				CODE_SIGN_STYLE = Automatic;
				CURRENT_PROJECT_VERSION = 0;
				DEFINES_MODULE = YES;
				DEVELOPMENT_TEAM = "";
				DYLIB_COMPATIBILITY_VERSION = 1;
				DYLIB_CURRENT_VERSION = 1;
				DYLIB_INSTALL_NAME_BASE = "@rpath";
				INFOPLIST_FILE = "Sources/Support files/Info.plist";
				INSTALL_PATH = "$(LOCAL_LIBRARY_DIR)/Frameworks";
				IPHONEOS_DEPLOYMENT_TARGET = 12.0;
				LD_RUNPATH_SEARCH_PATHS = (
					"$(inherited)",
					"@executable_path/Frameworks",
					"@loader_path/Frameworks",
				);
				MARKETING_VERSION = 0.1;
				PRODUCT_BUNDLE_IDENTIFIER = com.pimine.Mailer;
				PRODUCT_NAME = "$(TARGET_NAME:c99extidentifier)";
				SKIP_INSTALL = YES;
				SUPPORTS_MACCATALYST = NO;
				SWIFT_OPTIMIZATION_LEVEL = "-Onone";
				SWIFT_VERSION = 5.0;
				TARGETED_DEVICE_FAMILY = 1;
			};
			name = Debug;
		};
		EB4BF69924F828CC00E06156 /* Release */ = {
			isa = XCBuildConfiguration;
			buildSettings = {
				CLANG_ENABLE_MODULES = YES;
				CODE_SIGN_STYLE = Automatic;
				CURRENT_PROJECT_VERSION = 0;
				DEFINES_MODULE = YES;
				DEVELOPMENT_TEAM = "";
				DYLIB_COMPATIBILITY_VERSION = 1;
				DYLIB_CURRENT_VERSION = 1;
				DYLIB_INSTALL_NAME_BASE = "@rpath";
				INFOPLIST_FILE = "Sources/Support files/Info.plist";
				INSTALL_PATH = "$(LOCAL_LIBRARY_DIR)/Frameworks";
				IPHONEOS_DEPLOYMENT_TARGET = 12.0;
				LD_RUNPATH_SEARCH_PATHS = (
					"$(inherited)",
					"@executable_path/Frameworks",
					"@loader_path/Frameworks",
				);
				MARKETING_VERSION = 0.1;
				PRODUCT_BUNDLE_IDENTIFIER = com.pimine.Mailer;
				PRODUCT_NAME = "$(TARGET_NAME:c99extidentifier)";
				SKIP_INSTALL = YES;
				SUPPORTS_MACCATALYST = NO;
				SWIFT_VERSION = 5.0;
				TARGETED_DEVICE_FAMILY = 1;
			};
			name = Release;
		};
/* End XCBuildConfiguration section */

/* Begin XCConfigurationList section */
		EB4BF68924F828CC00E06156 /* Build configuration list for PBXProject "Mailer" */ = {
			isa = XCConfigurationList;
			buildConfigurations = (
				EB4BF69524F828CC00E06156 /* Debug */,
				EB4BF69624F828CC00E06156 /* Release */,
			);
			defaultConfigurationIsVisible = 0;
			defaultConfigurationName = Release;
		};
		EB4BF69724F828CC00E06156 /* Build configuration list for PBXNativeTarget "Mailer" */ = {
			isa = XCConfigurationList;
			buildConfigurations = (
				EB4BF69824F828CC00E06156 /* Debug */,
				EB4BF69924F828CC00E06156 /* Release */,
			);
			defaultConfigurationIsVisible = 0;
			defaultConfigurationName = Release;
		};
/* End XCConfigurationList section */
	};
	rootObject = EB4BF68624F828CC00E06156 /* Project object */;
}
